
Microsoft Visual Studio Solution File, Format Version 12.00
# Visual Studio Version 17
VisualStudioVersion = 17.6.33723.286
MinimumVisualStudioVersion = 10.0.40219.1
Project("{FAE04EC0-301F-11D3-BF4B-00C04F79EFBC}") = "ArduinoControlProto", "ArduinoControlProto\ArduinoControlProto.csproj", "{C1D7D211-4A37-4F54-8146-4D76A993741E}"
EndProject
Global
	GlobalSection(SolutionConfigurationPlatforms) = preSolution
		Debug|Any CPU = Debug|Any CPU
		Release|Any CPU = Release|Any CPU
	EndGlobalSection
	GlobalSection(ProjectConfigurationPlatforms) = postSolution
		{C1D7D211-4A37-4F54-8146-4D76A993741E}.Debug|Any CPU.ActiveCfg = Debug|Any CPU
		{C1D7D211-4A37-4F54-8146-4D76A993741E}.Debug|Any CPU.Build.0 = Debug|Any CPU
		{C1D7D211-4A37-4F54-8146-4D76A993741E}.Release|Any CPU.ActiveCfg = Release|Any CPU
		{C1D7D211-4A37-4F54-8146-4D76A993741E}.Release|Any CPU.Build.0 = Release|Any CPU
	EndGlobalSection
	GlobalSection(SolutionProperties) = preSolution
		HideSolutionNode = FALSE
	EndGlobalSection
	GlobalSection(ExtensibilityGlobals) = postSolution
		SolutionGuid = {629AEDA8-5C8C-4379-804F-586C73BA5884}
	EndGlobalSection
EndGlobal
